
Microsoft Visual Studio Solution File, Format Version 12.00
# Visual Studio Version 17
VisualStudioVersion = 17.8.34309.116
MinimumVisualStudioVersion = 10.0.40219.1
Project("{778DAE3C-4631-46EA-AA77-85C1314464D9}") = "iBMSC", "iBMSC\iBMSC.vbproj", "{35281D99-2A97-4AA0-AC1E-6CDC78999A3D}"
EndProject
Project("{2150E333-8FDC-42A3-9474-1A3956D46DE8}") = "Solution Items", "Solution Items", "{7C81D4A9-67BA-4BB3-B737-3873D3C2A34E}"
	ProjectSection(SolutionItems) = preProject
		.editorconfig = .editorconfig
	EndProjectSection
EndProject
Global
	GlobalSection(SolutionConfigurationPlatforms) = preSolution
		Debug|Any CPU = Debug|Any CPU
		Release|Any CPU = Release|Any CPU
	EndGlobalSection
	GlobalSection(ProjectConfigurationPlatforms) = postSolution
		{35281D99-2A97-4AA0-AC1E-6CDC78999A3D}.Debug|Any CPU.ActiveCfg = Debug|Any CPU
		{35281D99-2A97-4AA0-AC1E-6CDC78999A3D}.Debug|Any CPU.Build.0 = Debug|Any CPU
		{35281D99-2A97-4AA0-AC1E-6CDC78999A3D}.Release|Any CPU.ActiveCfg = Release|Any CPU
		{35281D99-2A97-4AA0-AC1E-6CDC78999A3D}.Release|Any CPU.Build.0 = Release|Any CPU
	EndGlobalSection
	GlobalSection(SolutionProperties) = preSolution
		HideSolutionNode = FALSE
	EndGlobalSection
EndGlobal
